
Microsoft Visual Studio Solution File, Format Version 12.00
# Visual Studio Version 16
VisualStudioVersion = 16.0.31205.134
MinimumVisualStudioVersion = 10.0.40219.1
Project("{FAE04EC0-301F-11D3-BF4B-00C04F79EFBC}") = "Converter", "Converter\Converter.csproj", "{EE3AAD8A-5FA1-45E6-B507-F42245077E97}"
EndProject
Project("{FAE04EC0-301F-11D3-BF4B-00C04F79EFBC}") = "DBB", "DBB\DBB.csproj", "{2476C6C0-8028-4CFF-8497-EA3230F6E6B0}"
EndProject
Global
	GlobalSection(SolutionConfigurationPlatforms) = preSolution
		Debug|Any CPU = Debug|Any CPU
		Release|Any CPU = Release|Any CPU
	EndGlobalSection
	GlobalSection(ProjectConfigurationPlatforms) = postSolution
		{EE3AAD8A-5FA1-45E6-B507-F42245077E97}.Debug|Any CPU.ActiveCfg = Debug|Any CPU
		{EE3AAD8A-5FA1-45E6-B507-F42245077E97}.Debug|Any CPU.Build.0 = Debug|Any CPU
		{EE3AAD8A-5FA1-45E6-B507-F42245077E97}.Release|Any CPU.ActiveCfg = Release|Any CPU
		{EE3AAD8A-5FA1-45E6-B507-F42245077E97}.Release|Any CPU.Build.0 = Release|Any CPU
		{2476C6C0-8028-4CFF-8497-EA3230F6E6B0}.Debug|Any CPU.ActiveCfg = Debug|Any CPU
		{2476C6C0-8028-4CFF-8497-EA3230F6E6B0}.Debug|Any CPU.Build.0 = Debug|Any CPU
		{2476C6C0-8028-4CFF-8497-EA3230F6E6B0}.Release|Any CPU.ActiveCfg = Release|Any CPU
		{2476C6C0-8028-4CFF-8497-EA3230F6E6B0}.Release|Any CPU.Build.0 = Release|Any CPU
	EndGlobalSection
	GlobalSection(SolutionProperties) = preSolution
		HideSolutionNode = FALSE
	EndGlobalSection
	GlobalSection(ExtensibilityGlobals) = postSolution
		SolutionGuid = {A6C72E93-ACFC-4202-ACFA-A47966FC3142}
	EndGlobalSection
EndGlobal
